
Microsoft Visual Studio Solution File, Format Version 12.00
# Visual Studio Version 17
VisualStudioVersion = 17.8.34525.116
MinimumVisualStudioVersion = 10.0.40219.1
Project("{FAE04EC0-301F-11D3-BF4B-00C04F79EFBC}") = "FeedbackApi", "FeedbackApi\FeedbackApi.csproj", "{A996C2A6-EAB9-4BCB-8093-1A0A16392A92}"
EndProject
Global
	GlobalSection(SolutionConfigurationPlatforms) = preSolution
		Debug|Any CPU = Debug|Any CPU
		Release|Any CPU = Release|Any CPU
	EndGlobalSection
	GlobalSection(ProjectConfigurationPlatforms) = postSolution
		{A996C2A6-EAB9-4BCB-8093-1A0A16392A92}.Debug|Any CPU.ActiveCfg = Debug|Any CPU
		{A996C2A6-EAB9-4BCB-8093-1A0A16392A92}.Debug|Any CPU.Build.0 = Debug|Any CPU
		{A996C2A6-EAB9-4BCB-8093-1A0A16392A92}.Release|Any CPU.ActiveCfg = Release|Any CPU
		{A996C2A6-EAB9-4BCB-8093-1A0A16392A92}.Release|Any CPU.Build.0 = Release|Any CPU
	EndGlobalSection
	GlobalSection(SolutionProperties) = preSolution
		HideSolutionNode = FALSE
	EndGlobalSection
	GlobalSection(ExtensibilityGlobals) = postSolution
		SolutionGuid = {F0AD8AB4-1529-4C4D-B40F-26A107D89110}
	EndGlobalSection
EndGlobal
